// !$*UTF8*$!
{
	archiveVersion = 1;
	classes = {
	};
	objectVersion = 56;
	objects = {

/* Begin PBXBuildFile section */
		D08133262962CEF10067CB5C /* ProfileViewController.swift in Sources */ = {isa = PBXBuildFile; fileRef = D08133252962CEF10067CB5C /* ProfileViewController.swift */; };
		D0B1BFC92961C19400D1AE61 /* user.swift in Sources */ = {isa = PBXBuildFile; fileRef = D0B1BFC82961C19400D1AE61 /* user.swift */; };
		D0B1BFCB2961C79A00D1AE61 /* NetworkService.swift in Sources */ = {isa = PBXBuildFile; fileRef = D0B1BFCA2961C79900D1AE61 /* NetworkService.swift */; };
		D0C8526F2961BA1B001B4964 /* AppDelegate.swift in Sources */ = {isa = PBXBuildFile; fileRef = D0C8526E2961BA1B001B4964 /* AppDelegate.swift */; };
		D0C852712961BA1B001B4964 /* SceneDelegate.swift in Sources */ = {isa = PBXBuildFile; fileRef = D0C852702961BA1B001B4964 /* SceneDelegate.swift */; };
		D0C852732961BA1B001B4964 /* ViewController.swift in Sources */ = {isa = PBXBuildFile; fileRef = D0C852722961BA1B001B4964 /* ViewController.swift */; };
		D0C852762961BA1B001B4964 /* Main.storyboard in Resources */ = {isa = PBXBuildFile; fileRef = D0C852742961BA1B001B4964 /* Main.storyboard */; };
		D0C852782961BA1D001B4964 /* Assets.xcassets in Resources */ = {isa = PBXBuildFile; fileRef = D0C852772961BA1D001B4964 /* Assets.xcassets */; };
		D0C8527B2961BA1D001B4964 /* LaunchScreen.storyboard in Resources */ = {isa = PBXBuildFile; fileRef = D0C852792961BA1D001B4964 /* LaunchScreen.storyboard */; };
/* End PBXBuildFile section */

/* Begin PBXFileReference section */
		D08133252962CEF10067CB5C /* ProfileViewController.swift */ = {isa = PBXFileReference; lastKnownFileType = sourcecode.swift; path = ProfileViewController.swift; sourceTree = "<group>"; };
		D0B1BFC82961C19400D1AE61 /* user.swift */ = {isa = PBXFileReference; lastKnownFileType = sourcecode.swift; path = user.swift; sourceTree = "<group>"; };
		D0B1BFCA2961C79900D1AE61 /* NetworkService.swift */ = {isa = PBXFileReference; lastKnownFileType = sourcecode.swift; path = NetworkService.swift; sourceTree = "<group>"; };
		D0C8526B2961BA1B001B4964 /* MVC architectural usage example.app */ = {isa = PBXFileReference; explicitFileType = wrapper.application; includeInIndex = 0; path = "MVC architectural usage example.app"; sourceTree = BUILT_PRODUCTS_DIR; };
		D0C8526E2961BA1B001B4964 /* AppDelegate.swift */ = {isa = PBXFileReference; lastKnownFileType = sourcecode.swift; path = AppDelegate.swift; sourceTree = "<group>"; };
		D0C852702961BA1B001B4964 /* SceneDelegate.swift */ = {isa = PBXFileReference; lastKnownFileType = sourcecode.swift; path = SceneDelegate.swift; sourceTree = "<group>"; };
		D0C852722961BA1B001B4964 /* ViewController.swift */ = {isa = PBXFileReference; lastKnownFileType = sourcecode.swift; path = ViewController.swift; sourceTree = "<group>"; };
		D0C852752961BA1B001B4964 /* Base */ = {isa = PBXFileReference; lastKnownFileType = file.storyboard; name = Base; path = Base.lproj/Main.storyboard; sourceTree = "<group>"; };
		D0C852772961BA1D001B4964 /* Assets.xcassets */ = {isa = PBXFileReference; lastKnownFileType = folder.assetcatalog; path = Assets.xcassets; sourceTree = "<group>"; };
		D0C8527A2961BA1D001B4964 /* Base */ = {isa = PBXFileReference; lastKnownFileType = file.storyboard; name = Base; path = Base.lproj/LaunchScreen.storyboard; sourceTree = "<group>"; };
		D0C8527C2961BA1D001B4964 /* Info.plist */ = {isa = PBXFileReference; lastKnownFileType = text.plist.xml; path = Info.plist; sourceTree = "<group>"; };
/* End PBXFileReference section */

/* Begin PBXFrameworksBuildPhase section */
		D0C852682961BA1B001B4964 /* Frameworks */ = {
			isa = PBXFrameworksBuildPhase;
			buildActionMask = 2147483647;
			files = (
			);
			runOnlyForDeploymentPostprocessing = 0;
		};
/* End PBXFrameworksBuildPhase section */

/* Begin PBXGroup section */
		D0C852622961BA1B001B4964 = {
			isa = PBXGroup;
			children = (
				D0C8526D2961BA1B001B4964 /* MVC architectural usage example */,
				D0C8526C2961BA1B001B4964 /* Products */,
			);
			sourceTree = "<group>";
		};
		D0C8526C2961BA1B001B4964 /* Products */ = {
			isa = PBXGroup;
			children = (
				D0C8526B2961BA1B001B4964 /* MVC architectural usage example.app */,
			);
			name = Products;
			sourceTree = "<group>";
		};
		D0C8526D2961BA1B001B4964 /* MVC architectural usage example */ = {
			isa = PBXGroup;
			children = (
				D0C8526E2961BA1B001B4964 /* AppDelegate.swift */,
				D0C852702961BA1B001B4964 /* SceneDelegate.swift */,
				D0C852722961BA1B001B4964 /* ViewController.swift */,
				D0C852742961BA1B001B4964 /* Main.storyboard */,
				D0C852772961BA1D001B4964 /* Assets.xcassets */,
				D0C852792961BA1D001B4964 /* LaunchScreen.storyboard */,
				D0C8527C2961BA1D001B4964 /* Info.plist */,
				D0B1BFC82961C19400D1AE61 /* user.swift */,
				D0B1BFCA2961C79900D1AE61 /* NetworkService.swift */,
				D08133252962CEF10067CB5C /* ProfileViewController.swift */,
			);
			path = "MVC architectural usage example";
			sourceTree = "<group>";
		};
/* End PBXGroup section */

/* Begin PBXNativeTarget section */
		D0C8526A2961BA1B001B4964 /* MVC architectural usage example */ = {
			isa = PBXNativeTarget;
			buildConfigurationList = D0C8527F2961BA1D001B4964 /* Build configuration list for PBXNativeTarget "MVC architectural usage example" */;
			buildPhases = (
				D0C852672961BA1B001B4964 /* Sources */,
				D0C852682961BA1B001B4964 /* Frameworks */,
				D0C852692961BA1B001B4964 /* Resources */,
			);
			buildRules = (
			);
			dependencies = (
			);
			name = "MVC architectural usage example";
			productName = "MVC architectural usage example";
			productReference = D0C8526B2961BA1B001B4964 /* MVC architectural usage example.app */;
			productType = "com.apple.product-type.application";
		};
/* End PBXNativeTarget section */

/* Begin PBXProject section */
		D0C852632961BA1B001B4964 /* Project object */ = {
			isa = PBXProject;
			attributes = {
				BuildIndependentTargetsInParallel = 1;
				LastSwiftUpdateCheck = 1420;
				LastUpgradeCheck = 1420;
				TargetAttributes = {
					D0C8526A2961BA1B001B4964 = {
						CreatedOnToolsVersion = 14.2;
					};
				};
			};
			buildConfigurationList = D0C852662961BA1B001B4964 /* Build configuration list for PBXProject "MVC architectural usage example" */;
			compatibilityVersion = "Xcode 14.0";
			developmentRegion = en;
			hasScannedForEncodings = 0;
			knownRegions = (
				en,
				Base,
			);
			mainGroup = D0C852622961BA1B001B4964;
			productRefGroup = D0C8526C2961BA1B001B4964 /* Products */;
			projectDirPath = "";
			projectRoot = "";
			targets = (
				D0C8526A2961BA1B001B4964 /* MVC architectural usage example */,
			);
		};
/* End PBXProject section */

/* Begin PBXResourcesBuildPhase section */
		D0C852692961BA1B001B4964 /* Resources */ = {
			isa = PBXResourcesBuildPhase;
			buildActionMask = 2147483647;
			files = (
				D0C8527B2961BA1D001B4964 /* LaunchScreen.storyboard in Resources */,
				D0C852782961BA1D001B4964 /* Assets.xcassets in Resources */,
				D0C852762961BA1B001B4964 /* Main.storyboard in Resources */,
			);
			runOnlyForDeploymentPostprocessing = 0;
		};
/* End PBXResourcesBuildPhase section */

/* Begin PBXSourcesBuildPhase section */
		D0C852672961BA1B001B4964 /* Sources */ = {
			isa = PBXSourcesBuildPhase;
			buildActionMask = 2147483647;
			files = (
				D08133262962CEF10067CB5C /* ProfileViewController.swift in Sources */,
				D0B1BFCB2961C79A00D1AE61 /* NetworkService.swift in Sources */,
				D0B1BFC92961C19400D1AE61 /* user.swift in Sources */,
				D0C852732961BA1B001B4964 /* ViewController.swift in Sources */,
				D0C8526F2961BA1B001B4964 /* AppDelegate.swift in Sources */,
				D0C852712961BA1B001B4964 /* SceneDelegate.swift in Sources */,
			);
			runOnlyForDeploymentPostprocessing = 0;
		};
/* End PBXSourcesBuildPhase section */

/* Begin PBXVariantGroup section */
		D0C852742961BA1B001B4964 /* Main.storyboard */ = {
			isa = PBXVariantGroup;
			children = (
				D0C852752961BA1B001B4964 /* Base */,
			);
			name = Main.storyboard;
			sourceTree = "<group>";
		};
		D0C852792961BA1D001B4964 /* LaunchScreen.storyboard */ = {
			isa = PBXVariantGroup;
			children = (
				D0C8527A2961BA1D001B4964 /* Base */,
			);
			name = LaunchScreen.storyboard;
			sourceTree = "<group>";
		};
/* End PBXVariantGroup section */

/* Begin XCBuildConfiguration section */
		D0C8527D2961BA1D001B4964 /* Debug */ = {
			isa = XCBuildConfiguration;
			buildSettings = {
				ALWAYS_SEARCH_USER_PATHS = NO;
				CLANG_ANALYZER_NONNULL = YES;
				CLANG_ANALYZER_NUMBER_OBJECT_CONVERSION = YES_AGGRESSIVE;
				CLANG_CXX_LANGUAGE_STANDARD = "gnu++20";
				CLANG_ENABLE_MODULES = YES;
				CLANG_ENABLE_OBJC_ARC = YES;
				CLANG_ENABLE_OBJC_WEAK = YES;
				CLANG_WARN_BLOCK_CAPTURE_AUTORELEASING = YES;
				CLANG_WARN_BOOL_CONVERSION = YES;
				CLANG_WARN_COMMA = YES;
				CLANG_WARN_CONSTANT_CONVERSION = YES;
				CLANG_WARN_DEPRECATED_OBJC_IMPLEMENTATIONS = YES;
				CLANG_WARN_DIRECT_OBJC_ISA_USAGE = YES_ERROR;
				CLANG_WARN_DOCUMENTATION_COMMENTS = YES;
				CLANG_WARN_EMPTY_BODY = YES;
				CLANG_WARN_ENUM_CONVERSION = YES;
				CLANG_WARN_INFINITE_RECURSION = YES;
				CLANG_WARN_INT_CONVERSION = YES;
				CLANG_WARN_NON_LITERAL_NULL_CONVERSION = YES;
				CLANG_WARN_OBJC_IMPLICIT_RETAIN_SELF = YES;
				CLANG_WARN_OBJC_LITERAL_CONVERSION = YES;
				CLANG_WARN_OBJC_ROOT_CLASS = YES_ERROR;
				CLANG_WARN_QUOTED_INCLUDE_IN_FRAMEWORK_HEADER = YES;
				CLANG_WARN_RANGE_LOOP_ANALYSIS = YES;
				CLANG_WARN_STRICT_PROTOTYPES = YES;
				CLANG_WARN_SUSPICIOUS_MOVE = YES;
				CLANG_WARN_UNGUARDED_AVAILABILITY = YES_AGGRESSIVE;
				CLANG_WARN_UNREACHABLE_CODE = YES;
				CLANG_WARN__DUPLICATE_METHOD_MATCH = YES;
				COPY_PHASE_STRIP = NO;
				DEBUG_INFORMATION_FORMAT = dwarf;
				ENABLE_STRICT_OBJC_MSGSEND = YES;
				ENABLE_TESTABILITY = YES;
				GCC_C_LANGUAGE_STANDARD = gnu11;
				GCC_DYNAMIC_NO_PIC = NO;
				GCC_NO_COMMON_BLOCKS = YES;
				GCC_OPTIMIZATION_LEVEL = 0;
				GCC_PREPROCESSOR_DEFINITIONS = (
					"DEBUG=1",
					"$(inherited)",
				);
				GCC_WARN_64_TO_32_BIT_CONVERSION = YES;
				GCC_WARN_ABOUT_RETURN_TYPE = YES_ERROR;
				GCC_WARN_UNDECLARED_SELECTOR = YES;
				GCC_WARN_UNINITIALIZED_AUTOS = YES_AGGRESSIVE;
				GCC_WARN_UNUSED_FUNCTION = YES;
				GCC_WARN_UNUSED_VARIABLE = YES;
				IPHONEOS_DEPLOYMENT_TARGET = 16.2;
				MTL_ENABLE_DEBUG_INFO = INCLUDE_SOURCE;
				MTL_FAST_MATH = YES;
				ONLY_ACTIVE_ARCH = YES;
				SDKROOT = iphoneos;
				SWIFT_ACTIVE_COMPILATION_CONDITIONS = DEBUG;
				SWIFT_OPTIMIZATION_LEVEL = "-Onone";
			};
			name = Debug;
		};
		D0C8527E2961BA1D001B4964 /* Release */ = {
			isa = XCBuildConfiguration;
			buildSettings = {
				ALWAYS_SEARCH_USER_PATHS = NO;
				CLANG_ANALYZER_NONNULL = YES;
				CLANG_ANALYZER_NUMBER_OBJECT_CONVERSION = YES_AGGRESSIVE;
				CLANG_CXX_LANGUAGE_STANDARD = "gnu++20";
				CLANG_ENABLE_MODULES = YES;
				CLANG_ENABLE_OBJC_ARC = YES;
				CLANG_ENABLE_OBJC_WEAK = YES;
				CLANG_WARN_BLOCK_CAPTURE_AUTORELEASING = YES;
				CLANG_WARN_BOOL_CONVERSION = YES;
				CLANG_WARN_COMMA = YES;
				CLANG_WARN_CONSTANT_CONVERSION = YES;
				CLANG_WARN_DEPRECATED_OBJC_IMPLEMENTATIONS = YES;
				CLANG_WARN_DIRECT_OBJC_ISA_USAGE = YES_ERROR;
				CLANG_WARN_DOCUMENTATION_COMMENTS = YES;
				CLANG_WARN_EMPTY_BODY = YES;
				CLANG_WARN_ENUM_CONVERSION = YES;
				CLANG_WARN_INFINITE_RECURSION = YES;
				CLANG_WARN_INT_CONVERSION = YES;
				CLANG_WARN_NON_LITERAL_NULL_CONVERSION = YES;
				CLANG_WARN_OBJC_IMPLICIT_RETAIN_SELF = YES;
				CLANG_WARN_OBJC_LITERAL_CONVERSION = YES;
				CLANG_WARN_OBJC_ROOT_CLASS = YES_ERROR;
				CLANG_WARN_QUOTED_INCLUDE_IN_FRAMEWORK_HEADER = YES;
				CLANG_WARN_RANGE_LOOP_ANALYSIS = YES;
				CLANG_WARN_STRICT_PROTOTYPES = YES;
				CLANG_WARN_SUSPICIOUS_MOVE = YES;
				CLANG_WARN_UNGUARDED_AVAILABILITY = YES_AGGRESSIVE;
				CLANG_WARN_UNREACHABLE_CODE = YES;
				CLANG_WARN__DUPLICATE_METHOD_MATCH = YES;
				COPY_PHASE_STRIP = NO;
				DEBUG_INFORMATION_FORMAT = "dwarf-with-dsym";
				ENABLE_NS_ASSERTIONS = NO;
				ENABLE_STRICT_OBJC_MSGSEND = YES;
				GCC_C_LANGUAGE_STANDARD = gnu11;
				GCC_NO_COMMON_BLOCKS = YES;
				GCC_WARN_64_TO_32_BIT_CONVERSION = YES;
				GCC_WARN_ABOUT_RETURN_TYPE = YES_ERROR;
				GCC_WARN_UNDECLARED_SELECTOR = YES;
				GCC_WARN_UNINITIALIZED_AUTOS = YES_AGGRESSIVE;
				GCC_WARN_UNUSED_FUNCTION = YES;
				GCC_WARN_UNUSED_VARIABLE = YES;
				IPHONEOS_DEPLOYMENT_TARGET = 16.2;
				MTL_ENABLE_DEBUG_INFO = NO;
				MTL_FAST_MATH = YES;
				SDKROOT = iphoneos;
				SWIFT_COMPILATION_MODE = wholemodule;
				SWIFT_OPTIMIZATION_LEVEL = "-O";
				VALIDATE_PRODUCT = YES;
			};
			name = Release;
		};
		D0C852802961BA1D001B4964 /* Debug */ = {
			isa = XCBuildConfiguration;
			buildSettings = {
				ASSETCATALOG_COMPILER_APPICON_NAME = AppIcon;
				ASSETCATALOG_COMPILER_GLOBAL_ACCENT_COLOR_NAME = AccentColor;
				CODE_SIGN_STYLE = Automatic;
				CURRENT_PROJECT_VERSION = 1;
				DEVELOPMENT_TEAM = 8G29UAGG95;
				GENERATE_INFOPLIST_FILE = YES;
				INFOPLIST_FILE = "MVC architectural usage example/Info.plist";
				INFOPLIST_KEY_UIApplicationSupportsIndirectInputEvents = YES;
				INFOPLIST_KEY_UILaunchStoryboardName = LaunchScreen;
				INFOPLIST_KEY_UIMainStoryboardFile = Main;
				INFOPLIST_KEY_UISupportedInterfaceOrientations_iPad = "UIInterfaceOrientationPortrait UIInterfaceOrientationPortraitUpsideDown UIInterfaceOrientationLandscapeLeft UIInterfaceOrientationLandscapeRight";
				INFOPLIST_KEY_UISupportedInterfaceOrientations_iPhone = "UIInterfaceOrientationPortrait UIInterfaceOrientationLandscapeLeft UIInterfaceOrientationLandscapeRight";
				LD_RUNPATH_SEARCH_PATHS = (
					"$(inherited)",
					"@executable_path/Frameworks",
				);
				MARKETING_VERSION = 1.0;
				PRODUCT_BUNDLE_IDENTIFIER = "com.abdullahsivil.MVC-architectural-usage-example";
				PRODUCT_NAME = "$(TARGET_NAME)";
				SWIFT_EMIT_LOC_STRINGS = YES;
				SWIFT_VERSION = 5.0;
				TARGETED_DEVICE_FAMILY = "1,2";
			};
			name = Debug;
		};
		D0C852812961BA1D001B4964 /* Release */ = {
			isa = XCBuildConfiguration;
			buildSettings = {
				ASSETCATALOG_COMPILER_APPICON_NAME = AppIcon;
				ASSETCATALOG_COMPILER_GLOBAL_ACCENT_COLOR_NAME = AccentColor;
				CODE_SIGN_STYLE = Automatic;
				CURRENT_PROJECT_VERSION = 1;
				DEVELOPMENT_TEAM = 8G29UAGG95;
				GENERATE_INFOPLIST_FILE = YES;
				INFOPLIST_FILE = "MVC architectural usage example/Info.plist";
				INFOPLIST_KEY_UIApplicationSupportsIndirectInputEvents = YES;
				INFOPLIST_KEY_UILaunchStoryboardName = LaunchScreen;
				INFOPLIST_KEY_UIMainStoryboardFile = Main;
				INFOPLIST_KEY_UISupportedInterfaceOrientations_iPad = "UIInterfaceOrientationPortrait UIInterfaceOrientationPortraitUpsideDown UIInterfaceOrientationLandscapeLeft UIInterfaceOrientationLandscapeRight";
				INFOPLIST_KEY_UISupportedInterfaceOrientations_iPhone = "UIInterfaceOrientationPortrait UIInterfaceOrientationLandscapeLeft UIInterfaceOrientationLandscapeRight";
				LD_RUNPATH_SEARCH_PATHS = (
					"$(inherited)",
					"@executable_path/Frameworks",
				);
				MARKETING_VERSION = 1.0;
				PRODUCT_BUNDLE_IDENTIFIER = "com.abdullahsivil.MVC-architectural-usage-example";
				PRODUCT_NAME = "$(TARGET_NAME)";
				SWIFT_EMIT_LOC_STRINGS = YES;
				SWIFT_VERSION = 5.0;
				TARGETED_DEVICE_FAMILY = "1,2";
			};
			name = Release;
		};
/* End XCBuildConfiguration section */

/* Begin XCConfigurationList section */
		D0C852662961BA1B001B4964 /* Build configuration list for PBXProject "MVC architectural usage example" */ = {
			isa = XCConfigurationList;
			buildConfigurations = (
				D0C8527D2961BA1D001B4964 /* Debug */,
				D0C8527E2961BA1D001B4964 /* Release */,
			);
			defaultConfigurationIsVisible = 0;
			defaultConfigurationName = Release;
		};
		D0C8527F2961BA1D001B4964 /* Build configuration list for PBXNativeTarget "MVC architectural usage example" */ = {
			isa = XCConfigurationList;
			buildConfigurations = (
				D0C852802961BA1D001B4964 /* Debug */,
				D0C852812961BA1D001B4964 /* Release */,
			);
			defaultConfigurationIsVisible = 0;
			defaultConfigurationName = Release;
		};
/* End XCConfigurationList section */
	};
	rootObject = D0C852632961BA1B001B4964 /* Project object */;
}
